{
  "originHash" : "b1476e8f9bbdc5ee66e1bc07298af9e14d7912155bf1672bc836a6d7ab948ac2",
  "pins" : [
    {
      "identity" : "swift-rs",
      "kind" : "remoteSourceControl",
      "location" : "https://github.com/Brendonovich/swift-rs",
      "state" : {
        "revision" : "f64a4514de07f450ec5b6aa297624cd3479d9579",
        "version" : "1.0.7"
      }
    }
  ],
  "version" : 3
}
